
Microsoft Visual Studio Solution File, Format Version 12.00
# Visual Studio Version 16
VisualStudioVersion = 16.0.31005.135
MinimumVisualStudioVersion = 10.0.40219.1
Project("{E24C65DC-7377-472B-9ABA-BC803B73C61A}") = "dealer.isuzu.nu", ".", "{C124187F-002B-4450-BE38-5417805C0AF5}"
	ProjectSection(WebsiteProperties) = preProject
		TargetFrameworkMoniker = ".NETFramework,Version%3Dv4.0"
		Debug.AspNetCompiler.VirtualPath = "/dealer.isuzu.nu"
		Debug.AspNetCompiler.PhysicalPath = "\\srv-web-001\dealer.isuzu.nu\"
		Debug.AspNetCompiler.TargetPath = "PrecompiledWeb\dealer.isuzu.nu\"
		Debug.AspNetCompiler.Updateable = "true"
		Debug.AspNetCompiler.ForceOverwrite = "true"
		Debug.AspNetCompiler.FixedNames = "false"
		Debug.AspNetCompiler.Debug = "True"
		Release.AspNetCompiler.VirtualPath = "/dealer.isuzu.nu"
		Release.AspNetCompiler.PhysicalPath = "\\srv-web-001\dealer.isuzu.nu\"
		Release.AspNetCompiler.TargetPath = "PrecompiledWeb\dealer.isuzu.nu\"
		Release.AspNetCompiler.Updateable = "true"
		Release.AspNetCompiler.ForceOverwrite = "true"
		Release.AspNetCompiler.FixedNames = "false"
		Release.AspNetCompiler.Debug = "False"
		VWDPort = "4293"
	EndProjectSection
EndProject
Global
	GlobalSection(SolutionConfigurationPlatforms) = preSolution
		Debug|Any CPU = Debug|Any CPU
	EndGlobalSection
	GlobalSection(ProjectConfigurationPlatforms) = postSolution
		{C124187F-002B-4450-BE38-5417805C0AF5}.Debug|Any CPU.ActiveCfg = Debug|Any CPU
		{C124187F-002B-4450-BE38-5417805C0AF5}.Debug|Any CPU.Build.0 = Debug|Any CPU
	EndGlobalSection
	GlobalSection(SolutionProperties) = preSolution
		HideSolutionNode = FALSE
	EndGlobalSection
	GlobalSection(ExtensibilityGlobals) = postSolution
		SolutionGuid = {766B497A-CBBC-430A-BAC4-C5CFF4519272}
	EndGlobalSection
EndGlobal
